
Microsoft Visual Studio Solution File, Format Version 12.00
# Visual Studio 2013
VisualStudioVersion = 12.0.30501.0
MinimumVisualStudioVersion = 10.0.40219.1
Project("{FAE04EC0-301F-11D3-BF4B-00C04F79EFBC}") = "PluginCalculator.Core", "PluginCalculator.Core\PluginCalculator.Core.csproj", "{6613A134-98E3-4972-8780-1167A457B647}"
EndProject
Project("{FAE04EC0-301F-11D3-BF4B-00C04F79EFBC}") = "PluginCalculator.Touch", "PluginCalculator.Touch\PluginCalculator.Touch.csproj", "{3FB45197-434A-4139-B443-1AD1BD59AED2}"
EndProject
Project("{FAE04EC0-301F-11D3-BF4B-00C04F79EFBC}") = "PluginCalculator.Core.UnitTests", "PluginCalculator.Core.UnitTests\PluginCalculator.Core.UnitTests.csproj", "{D1896E7E-D1F1-4679-B7F9-900F50C643DC}"
EndProject
Project("{FAE04EC0-301F-11D3-BF4B-00C04F79EFBC}") = "PluginCalculator.Core.IntegrationTests", "PluginCalculator.Core.IntegrationTests\PluginCalculator.Core.IntegrationTests.csproj", "{BADA357B-2A73-422F-928D-BD883D130B4A}"
EndProject
Global
	GlobalSection(SolutionConfigurationPlatforms) = preSolution
		Ad-Hoc|Any CPU = Ad-Hoc|Any CPU
		Ad-Hoc|iPhone = Ad-Hoc|iPhone
		Ad-Hoc|iPhoneSimulator = Ad-Hoc|iPhoneSimulator
		AppStore|Any CPU = AppStore|Any CPU
		AppStore|iPhone = AppStore|iPhone
		AppStore|iPhoneSimulator = AppStore|iPhoneSimulator
		Debug|Any CPU = Debug|Any CPU
		Debug|iPhone = Debug|iPhone
		Debug|iPhoneSimulator = Debug|iPhoneSimulator
		Release|Any CPU = Release|Any CPU
		Release|iPhone = Release|iPhone
		Release|iPhoneSimulator = Release|iPhoneSimulator
	EndGlobalSection
	GlobalSection(ProjectConfigurationPlatforms) = postSolution
		{6613A134-98E3-4972-8780-1167A457B647}.Ad-Hoc|Any CPU.ActiveCfg = Release|Any CPU
		{6613A134-98E3-4972-8780-1167A457B647}.Ad-Hoc|Any CPU.Build.0 = Release|Any CPU
		{6613A134-98E3-4972-8780-1167A457B647}.Ad-Hoc|iPhone.ActiveCfg = Debug|Any CPU
		{6613A134-98E3-4972-8780-1167A457B647}.Ad-Hoc|iPhone.Build.0 = Debug|Any CPU
		{6613A134-98E3-4972-8780-1167A457B647}.Ad-Hoc|iPhoneSimulator.ActiveCfg = Release|Any CPU
		{6613A134-98E3-4972-8780-1167A457B647}.AppStore|Any CPU.ActiveCfg = Release|Any CPU
		{6613A134-98E3-4972-8780-1167A457B647}.AppStore|Any CPU.Build.0 = Release|Any CPU
		{6613A134-98E3-4972-8780-1167A457B647}.AppStore|iPhone.ActiveCfg = Debug|Any CPU
		{6613A134-98E3-4972-8780-1167A457B647}.AppStore|iPhone.Build.0 = Debug|Any CPU
		{6613A134-98E3-4972-8780-1167A457B647}.AppStore|iPhoneSimulator.ActiveCfg = Release|Any CPU
		{6613A134-98E3-4972-8780-1167A457B647}.Debug|Any CPU.ActiveCfg = Debug|Any CPU
		{6613A134-98E3-4972-8780-1167A457B647}.Debug|Any CPU.Build.0 = Debug|Any CPU
		{6613A134-98E3-4972-8780-1167A457B647}.Debug|iPhone.ActiveCfg = Debug|Any CPU
		{6613A134-98E3-4972-8780-1167A457B647}.Debug|iPhone.Build.0 = Debug|Any CPU
		{6613A134-98E3-4972-8780-1167A457B647}.Debug|iPhoneSimulator.ActiveCfg = Debug|Any CPU
		{6613A134-98E3-4972-8780-1167A457B647}.Debug|iPhoneSimulator.Build.0 = Debug|Any CPU
		{6613A134-98E3-4972-8780-1167A457B647}.Release|Any CPU.ActiveCfg = Release|Any CPU
		{6613A134-98E3-4972-8780-1167A457B647}.Release|Any CPU.Build.0 = Release|Any CPU
		{6613A134-98E3-4972-8780-1167A457B647}.Release|iPhone.ActiveCfg = Release|Any CPU
		{6613A134-98E3-4972-8780-1167A457B647}.Release|iPhone.Build.0 = Release|Any CPU
		{6613A134-98E3-4972-8780-1167A457B647}.Release|iPhoneSimulator.ActiveCfg = Release|Any CPU
		{6613A134-98E3-4972-8780-1167A457B647}.Release|iPhoneSimulator.Build.0 = Release|Any CPU
		{3FB45197-434A-4139-B443-1AD1BD59AED2}.Ad-Hoc|Any CPU.ActiveCfg = Ad-Hoc|iPhoneSimulator
		{3FB45197-434A-4139-B443-1AD1BD59AED2}.Ad-Hoc|iPhone.ActiveCfg = Ad-Hoc|iPhone
		{3FB45197-434A-4139-B443-1AD1BD59AED2}.Ad-Hoc|iPhone.Build.0 = Ad-Hoc|iPhone
		{3FB45197-434A-4139-B443-1AD1BD59AED2}.Ad-Hoc|iPhoneSimulator.ActiveCfg = Ad-Hoc|iPhoneSimulator
		{3FB45197-434A-4139-B443-1AD1BD59AED2}.Ad-Hoc|iPhoneSimulator.Build.0 = Ad-Hoc|iPhoneSimulator
		{3FB45197-434A-4139-B443-1AD1BD59AED2}.AppStore|Any CPU.ActiveCfg = AppStore|iPhoneSimulator
		{3FB45197-434A-4139-B443-1AD1BD59AED2}.AppStore|iPhone.ActiveCfg = AppStore|iPhone
		{3FB45197-434A-4139-B443-1AD1BD59AED2}.AppStore|iPhone.Build.0 = AppStore|iPhone
		{3FB45197-434A-4139-B443-1AD1BD59AED2}.AppStore|iPhoneSimulator.ActiveCfg = AppStore|iPhoneSimulator
		{3FB45197-434A-4139-B443-1AD1BD59AED2}.AppStore|iPhoneSimulator.Build.0 = AppStore|iPhoneSimulator
		{3FB45197-434A-4139-B443-1AD1BD59AED2}.Debug|Any CPU.ActiveCfg = Debug|iPhoneSimulator
		{3FB45197-434A-4139-B443-1AD1BD59AED2}.Debug|Any CPU.Build.0 = Debug|iPhoneSimulator
		{3FB45197-434A-4139-B443-1AD1BD59AED2}.Debug|iPhone.ActiveCfg = Debug|iPhone
		{3FB45197-434A-4139-B443-1AD1BD59AED2}.Debug|iPhone.Build.0 = Debug|iPhone
		{3FB45197-434A-4139-B443-1AD1BD59AED2}.Debug|iPhoneSimulator.ActiveCfg = Debug|iPhoneSimulator
		{3FB45197-434A-4139-B443-1AD1BD59AED2}.Debug|iPhoneSimulator.Build.0 = Debug|iPhoneSimulator
		{3FB45197-434A-4139-B443-1AD1BD59AED2}.Release|Any CPU.ActiveCfg = Release|iPhoneSimulator
		{3FB45197-434A-4139-B443-1AD1BD59AED2}.Release|Any CPU.Build.0 = Release|iPhoneSimulator
		{3FB45197-434A-4139-B443-1AD1BD59AED2}.Release|iPhone.ActiveCfg = Release|iPhone
		{3FB45197-434A-4139-B443-1AD1BD59AED2}.Release|iPhone.Build.0 = Release|iPhone
		{3FB45197-434A-4139-B443-1AD1BD59AED2}.Release|iPhoneSimulator.ActiveCfg = Release|iPhoneSimulator
		{3FB45197-434A-4139-B443-1AD1BD59AED2}.Release|iPhoneSimulator.Build.0 = Release|iPhoneSimulator
		{D1896E7E-D1F1-4679-B7F9-900F50C643DC}.Ad-Hoc|Any CPU.ActiveCfg = Debug|Any CPU
		{D1896E7E-D1F1-4679-B7F9-900F50C643DC}.Ad-Hoc|Any CPU.Build.0 = Debug|Any CPU
		{D1896E7E-D1F1-4679-B7F9-900F50C643DC}.Ad-Hoc|iPhone.ActiveCfg = Release|Any CPU
		{D1896E7E-D1F1-4679-B7F9-900F50C643DC}.Ad-Hoc|iPhone.Build.0 = Release|Any CPU
		{D1896E7E-D1F1-4679-B7F9-900F50C643DC}.Ad-Hoc|iPhoneSimulator.ActiveCfg = Debug|Any CPU
		{D1896E7E-D1F1-4679-B7F9-900F50C643DC}.AppStore|Any CPU.ActiveCfg = Debug|Any CPU
		{D1896E7E-D1F1-4679-B7F9-900F50C643DC}.AppStore|Any CPU.Build.0 = Debug|Any CPU
		{D1896E7E-D1F1-4679-B7F9-900F50C643DC}.AppStore|iPhone.ActiveCfg = Release|Any CPU
		{D1896E7E-D1F1-4679-B7F9-900F50C643DC}.AppStore|iPhone.Build.0 = Release|Any CPU
		{D1896E7E-D1F1-4679-B7F9-900F50C643DC}.AppStore|iPhoneSimulator.ActiveCfg = Debug|Any CPU
		{D1896E7E-D1F1-4679-B7F9-900F50C643DC}.Debug|Any CPU.ActiveCfg = Debug|Any CPU
		{D1896E7E-D1F1-4679-B7F9-900F50C643DC}.Debug|Any CPU.Build.0 = Debug|Any CPU
		{D1896E7E-D1F1-4679-B7F9-900F50C643DC}.Debug|iPhone.ActiveCfg = Debug|Any CPU
		{D1896E7E-D1F1-4679-B7F9-900F50C643DC}.Debug|iPhone.Build.0 = Debug|Any CPU
		{D1896E7E-D1F1-4679-B7F9-900F50C643DC}.Debug|iPhoneSimulator.ActiveCfg = Debug|Any CPU
		{D1896E7E-D1F1-4679-B7F9-900F50C643DC}.Debug|iPhoneSimulator.Build.0 = Debug|Any CPU
		{D1896E7E-D1F1-4679-B7F9-900F50C643DC}.Release|Any CPU.ActiveCfg = Release|Any CPU
		{D1896E7E-D1F1-4679-B7F9-900F50C643DC}.Release|Any CPU.Build.0 = Release|Any CPU
		{D1896E7E-D1F1-4679-B7F9-900F50C643DC}.Release|iPhone.ActiveCfg = Release|Any CPU
		{D1896E7E-D1F1-4679-B7F9-900F50C643DC}.Release|iPhone.Build.0 = Release|Any CPU
		{D1896E7E-D1F1-4679-B7F9-900F50C643DC}.Release|iPhoneSimulator.ActiveCfg = Release|Any CPU
		{D1896E7E-D1F1-4679-B7F9-900F50C643DC}.Release|iPhoneSimulator.Build.0 = Release|Any CPU
		{BADA357B-2A73-422F-928D-BD883D130B4A}.Ad-Hoc|Any CPU.ActiveCfg = Debug|Any CPU
		{BADA357B-2A73-422F-928D-BD883D130B4A}.Ad-Hoc|Any CPU.Build.0 = Debug|Any CPU
		{BADA357B-2A73-422F-928D-BD883D130B4A}.Ad-Hoc|iPhone.ActiveCfg = Release|Any CPU
		{BADA357B-2A73-422F-928D-BD883D130B4A}.Ad-Hoc|iPhone.Build.0 = Release|Any CPU
		{BADA357B-2A73-422F-928D-BD883D130B4A}.Ad-Hoc|iPhoneSimulator.ActiveCfg = Debug|Any CPU
		{BADA357B-2A73-422F-928D-BD883D130B4A}.AppStore|Any CPU.ActiveCfg = Debug|Any CPU
		{BADA357B-2A73-422F-928D-BD883D130B4A}.AppStore|Any CPU.Build.0 = Debug|Any CPU
		{BADA357B-2A73-422F-928D-BD883D130B4A}.AppStore|iPhone.ActiveCfg = Release|Any CPU
		{BADA357B-2A73-422F-928D-BD883D130B4A}.AppStore|iPhone.Build.0 = Release|Any CPU
		{BADA357B-2A73-422F-928D-BD883D130B4A}.AppStore|iPhoneSimulator.ActiveCfg = Debug|Any CPU
		{BADA357B-2A73-422F-928D-BD883D130B4A}.Debug|Any CPU.ActiveCfg = Debug|Any CPU
		{BADA357B-2A73-422F-928D-BD883D130B4A}.Debug|Any CPU.Build.0 = Debug|Any CPU
		{BADA357B-2A73-422F-928D-BD883D130B4A}.Debug|iPhone.ActiveCfg = Debug|Any CPU
		{BADA357B-2A73-422F-928D-BD883D130B4A}.Debug|iPhone.Build.0 = Debug|Any CPU
		{BADA357B-2A73-422F-928D-BD883D130B4A}.Debug|iPhoneSimulator.ActiveCfg = Debug|Any CPU
		{BADA357B-2A73-422F-928D-BD883D130B4A}.Debug|iPhoneSimulator.Build.0 = Debug|Any CPU
		{BADA357B-2A73-422F-928D-BD883D130B4A}.Release|Any CPU.ActiveCfg = Release|Any CPU
		{BADA357B-2A73-422F-928D-BD883D130B4A}.Release|Any CPU.Build.0 = Release|Any CPU
		{BADA357B-2A73-422F-928D-BD883D130B4A}.Release|iPhone.ActiveCfg = Release|Any CPU
		{BADA357B-2A73-422F-928D-BD883D130B4A}.Release|iPhone.Build.0 = Release|Any CPU
		{BADA357B-2A73-422F-928D-BD883D130B4A}.Release|iPhoneSimulator.ActiveCfg = Release|Any CPU
		{BADA357B-2A73-422F-928D-BD883D130B4A}.Release|iPhoneSimulator.Build.0 = Release|Any CPU
	EndGlobalSection
	GlobalSection(SolutionProperties) = preSolution
		HideSolutionNode = FALSE
	EndGlobalSection
	GlobalSection(MonoDevelopProperties) = preSolution
		StartupItem = PluginCalculator.Touch\PluginCalculator.Touch.csproj
	EndGlobalSection
EndGlobal
